
Microsoft Visual Studio Solution File, Format Version 12.00
# Visual Studio Version 16
VisualStudioVersion = 16.0.31624.102
MinimumVisualStudioVersion = 10.0.40219.1
Project("{FAE04EC0-301F-11D3-BF4B-00C04F79EFBC}") = "NikitaZverev", "NikitaZverev\NikitaZverev.csproj", "{E697AAC0-156F-4464-B611-2780F649C022}"
EndProject
Project("{FAE04EC0-301F-11D3-BF4B-00C04F79EFBC}") = "ZverevNikita", "ZverevNikita\ZverevNikita.csproj", "{89458F5D-8D91-46F6-8818-1663D723F2ED}"
EndProject
Global
	GlobalSection(SolutionConfigurationPlatforms) = preSolution
		Debug|Any CPU = Debug|Any CPU
		Release|Any CPU = Release|Any CPU
	EndGlobalSection
	GlobalSection(ProjectConfigurationPlatforms) = postSolution
		{E697AAC0-156F-4464-B611-2780F649C022}.Debug|Any CPU.ActiveCfg = Debug|Any CPU
		{E697AAC0-156F-4464-B611-2780F649C022}.Debug|Any CPU.Build.0 = Debug|Any CPU
		{E697AAC0-156F-4464-B611-2780F649C022}.Release|Any CPU.ActiveCfg = Release|Any CPU
		{E697AAC0-156F-4464-B611-2780F649C022}.Release|Any CPU.Build.0 = Release|Any CPU
		{89458F5D-8D91-46F6-8818-1663D723F2ED}.Debug|Any CPU.ActiveCfg = Debug|Any CPU
		{89458F5D-8D91-46F6-8818-1663D723F2ED}.Debug|Any CPU.Build.0 = Debug|Any CPU
		{89458F5D-8D91-46F6-8818-1663D723F2ED}.Release|Any CPU.ActiveCfg = Release|Any CPU
		{89458F5D-8D91-46F6-8818-1663D723F2ED}.Release|Any CPU.Build.0 = Release|Any CPU
	EndGlobalSection
	GlobalSection(SolutionProperties) = preSolution
		HideSolutionNode = FALSE
	EndGlobalSection
	GlobalSection(ExtensibilityGlobals) = postSolution
		SolutionGuid = {6E55B490-4DB4-4697-B0A3-B940F0E2B8FA}
	EndGlobalSection
EndGlobal
